{
  "nodes": {
    "nixpkgs": {
      "locked": {
        "lastModified": 1719795312,
        "narHash": "sha256-EeqgwPtBu0O5x3V7rI/+Tr4rFqH+FpoXcntq/p646fQ=",
        "owner": "NixOS",
        "repo": "nixpkgs",
        "rev": "78810e676ec6f404e694f9d6e8553f354782bdb4",
        "type": "github"
      },
      "original": {
        "owner": "NixOS",
        "repo": "nixpkgs",
        "type": "github"
      }
    },
    "root": {
      "inputs": {
        "nixpkgs": "nixpkgs"
      }
    }
  },
  "root": "root",
  "version": 7
}
